{
  "name": "oAuth2Authorizer",
  "version": "0.0.1",
  "lockfileVersion": 2,
  "requires": true,
  "packages": {
    "": {
      "name": "oAuth2Authorizer",
      "version": "0.0.1",
      "dependencies": {
        "aws-jwt-verify": "^3.1.0"
      }
    },
    "node_modules/aws-jwt-verify": {
      "version": "3.1.0",
      "resolved": "https://registry.npmjs.org/aws-jwt-verify/-/aws-jwt-verify-3.1.0.tgz",
      "integrity": "sha512-8BTDS3xEP5xhK6/mLEQXc7MfRRer5diV4Q2AD6ofoHQnaDbuDXG056egq4UCgo06+rmWQAC7/A6vVRZ/2FCs9g==",
      "engines": {
        "node": ">=14.0.0"
      }
    }
  },
  "dependencies": {
    "aws-jwt-verify": {
      "version": "3.1.0",
      "resolved": "https://registry.npmjs.org/aws-jwt-verify/-/aws-jwt-verify-3.1.0.tgz",
      "integrity": "sha512-8BTDS3xEP5xhK6/mLEQXc7MfRRer5diV4Q2AD6ofoHQnaDbuDXG056egq4UCgo06+rmWQAC7/A6vVRZ/2FCs9g=="
    }
  }
}
